// !$*UTF8*$!
{
	archiveVersion = 1;
	classes = {
	};
	objectVersion = 56;
	objects = {

/* Begin PBXBuildFile section */
		1703BB9B2A5E743700914877 /* TouchdownApp.swift in Sources */ = {isa = PBXBuildFile; fileRef = 1703BB9A2A5E743700914877 /* TouchdownApp.swift */; };
		1703BB9D2A5E743700914877 /* ContentView.swift in Sources */ = {isa = PBXBuildFile; fileRef = 1703BB9C2A5E743700914877 /* ContentView.swift */; };
		1703BB9F2A5E743900914877 /* Assets.xcassets in Resources */ = {isa = PBXBuildFile; fileRef = 1703BB9E2A5E743900914877 /* Assets.xcassets */; };
		1703BBA22A5E743900914877 /* Preview Assets.xcassets in Resources */ = {isa = PBXBuildFile; fileRef = 1703BBA12A5E743900914877 /* Preview Assets.xcassets */; };
		1703BBBB2A5E760A00914877 /* Constants.swift in Sources */ = {isa = PBXBuildFile; fileRef = 1703BBBA2A5E760A00914877 /* Constants.swift */; };
		1703BBBD2A5E76AD00914877 /* FooterView.swift in Sources */ = {isa = PBXBuildFile; fileRef = 1703BBBC2A5E76AD00914877 /* FooterView.swift */; };
		1706A7002A6503CF00C40B2F /* Brand.swift in Sources */ = {isa = PBXBuildFile; fileRef = 1706A6FF2A6503CF00C40B2F /* Brand.swift */; };
		1706A7022A65049C00C40B2F /* BrandItemView.swift in Sources */ = {isa = PBXBuildFile; fileRef = 1706A7012A65049C00C40B2F /* BrandItemView.swift */; };
		1706A7042A65063700C40B2F /* BrandGridView.swift in Sources */ = {isa = PBXBuildFile; fileRef = 1706A7032A65063700C40B2F /* BrandGridView.swift */; };
		172467B82A6294960028F14A /* player.json in Resources */ = {isa = PBXBuildFile; fileRef = 172467B42A6294960028F14A /* player.json */; };
		172467B92A6294960028F14A /* brand.json in Resources */ = {isa = PBXBuildFile; fileRef = 172467B52A6294960028F14A /* brand.json */; };
		172467BA2A6294960028F14A /* product.json in Resources */ = {isa = PBXBuildFile; fileRef = 172467B62A6294960028F14A /* product.json */; };
		172467BB2A6294960028F14A /* category.json in Resources */ = {isa = PBXBuildFile; fileRef = 172467B72A6294960028F14A /* category.json */; };
		172467BE2A629A660028F14A /* PlayerImageView.swift in Sources */ = {isa = PBXBuildFile; fileRef = 172467BD2A629A660028F14A /* PlayerImageView.swift */; };
		172467C02A63CB270028F14A /* Catrogory.swift in Sources */ = {isa = PBXBuildFile; fileRef = 172467BF2A63CB270028F14A /* Catrogory.swift */; };
		172467C22A63CCC50028F14A /* CategoryItemView.swift in Sources */ = {isa = PBXBuildFile; fileRef = 172467C12A63CCC50028F14A /* CategoryItemView.swift */; };
		172467C42A63CE470028F14A /* CategoryGridView.swift in Sources */ = {isa = PBXBuildFile; fileRef = 172467C32A63CE470028F14A /* CategoryGridView.swift */; };
		172467C62A63CFA00028F14A /* SectionView.swift in Sources */ = {isa = PBXBuildFile; fileRef = 172467C52A63CFA00028F14A /* SectionView.swift */; };
		172467C82A63D6070028F14A /* ProductItemView.swift in Sources */ = {isa = PBXBuildFile; fileRef = 172467C72A63D6070028F14A /* ProductItemView.swift */; };
		172467CA2A63D6CF0028F14A /* Product.swift in Sources */ = {isa = PBXBuildFile; fileRef = 172467C92A63D6CF0028F14A /* Product.swift */; };
		172467CC2A63DBB70028F14A /* ProductsGridView.swift in Sources */ = {isa = PBXBuildFile; fileRef = 172467CB2A63DBB70028F14A /* ProductsGridView.swift */; };
		177F81FA2A63F1BC006ACFCC /* SectionHeaderView.swift in Sources */ = {isa = PBXBuildFile; fileRef = 177F81F92A63F1BC006ACFCC /* SectionHeaderView.swift */; };
		177F81FC2A63F23F006ACFCC /* ProductDetailView.swift in Sources */ = {isa = PBXBuildFile; fileRef = 177F81FB2A63F23F006ACFCC /* ProductDetailView.swift */; };
		17C269E22A6110A2002367A6 /* NavBarView.swift in Sources */ = {isa = PBXBuildFile; fileRef = 17C269E12A6110A2002367A6 /* NavBarView.swift */; };
		17C269E42A61138F002367A6 /* LogoView.swift in Sources */ = {isa = PBXBuildFile; fileRef = 17C269E32A61138F002367A6 /* LogoView.swift */; };
		17C269EE2A627D26002367A6 /* CodableBundleExtension.swift in Sources */ = {isa = PBXBuildFile; fileRef = 17C269ED2A627D26002367A6 /* CodableBundleExtension.swift */; };
		17F641D52A62820100D06E39 /* PlayerCarouselView.swift in Sources */ = {isa = PBXBuildFile; fileRef = 17F641D42A62820100D06E39 /* PlayerCarouselView.swift */; };
		17F641D72A62835C00D06E39 /* Player.swift in Sources */ = {isa = PBXBuildFile; fileRef = 17F641D62A62835C00D06E39 /* Player.swift */; };
/* End PBXBuildFile section */

/* Begin PBXFileReference section */
		1703BB972A5E743700914877 /* Touchdown.app */ = {isa = PBXFileReference; explicitFileType = wrapper.application; includeInIndex = 0; path = Touchdown.app; sourceTree = BUILT_PRODUCTS_DIR; };
		1703BB9A2A5E743700914877 /* TouchdownApp.swift */ = {isa = PBXFileReference; lastKnownFileType = sourcecode.swift; path = TouchdownApp.swift; sourceTree = "<group>"; };
		1703BB9C2A5E743700914877 /* ContentView.swift */ = {isa = PBXFileReference; lastKnownFileType = sourcecode.swift; path = ContentView.swift; sourceTree = "<group>"; };
		1703BB9E2A5E743900914877 /* Assets.xcassets */ = {isa = PBXFileReference; lastKnownFileType = folder.assetcatalog; path = Assets.xcassets; sourceTree = "<group>"; };
		1703BBA12A5E743900914877 /* Preview Assets.xcassets */ = {isa = PBXFileReference; lastKnownFileType = folder.assetcatalog; path = "Preview Assets.xcassets"; sourceTree = "<group>"; };
		1703BBB42A5E755300914877 /* Info.plist */ = {isa = PBXFileReference; lastKnownFileType = text.plist; path = Info.plist; sourceTree = "<group>"; };
		1703BBBA2A5E760A00914877 /* Constants.swift */ = {isa = PBXFileReference; lastKnownFileType = sourcecode.swift; path = Constants.swift; sourceTree = "<group>"; };
		1703BBBC2A5E76AD00914877 /* FooterView.swift */ = {isa = PBXFileReference; lastKnownFileType = sourcecode.swift; path = FooterView.swift; sourceTree = "<group>"; };
		1706A6FF2A6503CF00C40B2F /* Brand.swift */ = {isa = PBXFileReference; lastKnownFileType = sourcecode.swift; path = Brand.swift; sourceTree = "<group>"; };
		1706A7012A65049C00C40B2F /* BrandItemView.swift */ = {isa = PBXFileReference; lastKnownFileType = sourcecode.swift; path = BrandItemView.swift; sourceTree = "<group>"; };
		1706A7032A65063700C40B2F /* BrandGridView.swift */ = {isa = PBXFileReference; lastKnownFileType = sourcecode.swift; path = BrandGridView.swift; sourceTree = "<group>"; };
		172467B42A6294960028F14A /* player.json */ = {isa = PBXFileReference; fileEncoding = 4; lastKnownFileType = text.json; path = player.json; sourceTree = "<group>"; };
		172467B52A6294960028F14A /* brand.json */ = {isa = PBXFileReference; fileEncoding = 4; lastKnownFileType = text.json; path = brand.json; sourceTree = "<group>"; };
		172467B62A6294960028F14A /* product.json */ = {isa = PBXFileReference; fileEncoding = 4; lastKnownFileType = text.json; path = product.json; sourceTree = "<group>"; };
		172467B72A6294960028F14A /* category.json */ = {isa = PBXFileReference; fileEncoding = 4; lastKnownFileType = text.json; path = category.json; sourceTree = "<group>"; };
		172467BD2A629A660028F14A /* PlayerImageView.swift */ = {isa = PBXFileReference; lastKnownFileType = sourcecode.swift; path = PlayerImageView.swift; sourceTree = "<group>"; };
		172467BF2A63CB270028F14A /* Catrogory.swift */ = {isa = PBXFileReference; lastKnownFileType = sourcecode.swift; path = Catrogory.swift; sourceTree = "<group>"; };
		172467C12A63CCC50028F14A /* CategoryItemView.swift */ = {isa = PBXFileReference; lastKnownFileType = sourcecode.swift; path = CategoryItemView.swift; sourceTree = "<group>"; };
		172467C32A63CE470028F14A /* CategoryGridView.swift */ = {isa = PBXFileReference; lastKnownFileType = sourcecode.swift; path = CategoryGridView.swift; sourceTree = "<group>"; };
		172467C52A63CFA00028F14A /* SectionView.swift */ = {isa = PBXFileReference; lastKnownFileType = sourcecode.swift; path = SectionView.swift; sourceTree = "<group>"; };
		172467C72A63D6070028F14A /* ProductItemView.swift */ = {isa = PBXFileReference; lastKnownFileType = sourcecode.swift; path = ProductItemView.swift; sourceTree = "<group>"; };
		172467C92A63D6CF0028F14A /* Product.swift */ = {isa = PBXFileReference; lastKnownFileType = sourcecode.swift; path = Product.swift; sourceTree = "<group>"; };
		172467CB2A63DBB70028F14A /* ProductsGridView.swift */ = {isa = PBXFileReference; lastKnownFileType = sourcecode.swift; path = ProductsGridView.swift; sourceTree = "<group>"; };
		177F81F92A63F1BC006ACFCC /* SectionHeaderView.swift */ = {isa = PBXFileReference; lastKnownFileType = sourcecode.swift; path = SectionHeaderView.swift; sourceTree = "<group>"; };
		177F81FB2A63F23F006ACFCC /* ProductDetailView.swift */ = {isa = PBXFileReference; lastKnownFileType = sourcecode.swift; path = ProductDetailView.swift; sourceTree = "<group>"; };
		17C269E12A6110A2002367A6 /* NavBarView.swift */ = {isa = PBXFileReference; lastKnownFileType = sourcecode.swift; path = NavBarView.swift; sourceTree = "<group>"; };
		17C269E32A61138F002367A6 /* LogoView.swift */ = {isa = PBXFileReference; lastKnownFileType = sourcecode.swift; path = LogoView.swift; sourceTree = "<group>"; };
		17C269ED2A627D26002367A6 /* CodableBundleExtension.swift */ = {isa = PBXFileReference; lastKnownFileType = sourcecode.swift; path = CodableBundleExtension.swift; sourceTree = "<group>"; };
		17F641D42A62820100D06E39 /* PlayerCarouselView.swift */ = {isa = PBXFileReference; lastKnownFileType = sourcecode.swift; path = PlayerCarouselView.swift; sourceTree = "<group>"; };
		17F641D62A62835C00D06E39 /* Player.swift */ = {isa = PBXFileReference; lastKnownFileType = sourcecode.swift; path = Player.swift; sourceTree = "<group>"; };
/* End PBXFileReference section */

/* Begin PBXFrameworksBuildPhase section */
		1703BB942A5E743700914877 /* Frameworks */ = {
			isa = PBXFrameworksBuildPhase;
			buildActionMask = 2147483647;
			files = (
			);
			runOnlyForDeploymentPostprocessing = 0;
		};
/* End PBXFrameworksBuildPhase section */

/* Begin PBXGroup section */
		1703BB8E2A5E743700914877 = {
			isa = PBXGroup;
			children = (
				1703BB992A5E743700914877 /* Touchdown */,
				1703BB982A5E743700914877 /* Products */,
			);
			sourceTree = "<group>";
		};
		1703BB982A5E743700914877 /* Products */ = {
			isa = PBXGroup;
			children = (
				1703BB972A5E743700914877 /* Touchdown.app */,
			);
			name = Products;
			sourceTree = "<group>";
		};
		1703BB992A5E743700914877 /* Touchdown */ = {
			isa = PBXGroup;
			children = (
				172467BC2A6294A60028F14A /* Data */,
				1703BBB92A5E75EF00914877 /* Utils */,
				1703BBB82A5E75E400914877 /* Extensions */,
				1703BBB72A5E75DE00914877 /* Models */,
				1703BBB42A5E755300914877 /* Info.plist */,
				1703BBB32A5E74F400914877 /* App */,
				1703BBB22A5E74EA00914877 /* Views */,
				1703BB9E2A5E743900914877 /* Assets.xcassets */,
				1703BBA02A5E743900914877 /* Preview Content */,
			);
			path = Touchdown;
			sourceTree = "<group>";
		};
		1703BBA02A5E743900914877 /* Preview Content */ = {
			isa = PBXGroup;
			children = (
				1703BBA12A5E743900914877 /* Preview Assets.xcassets */,
			);
			path = "Preview Content";
			sourceTree = "<group>";
		};
		1703BBB22A5E74EA00914877 /* Views */ = {
			isa = PBXGroup;
			children = (
				1703BBB62A5E75D700914877 /* Detail */,
				1703BBB52A5E75D100914877 /* Home */,
			);
			path = Views;
			sourceTree = "<group>";
		};
		1703BBB32A5E74F400914877 /* App */ = {
			isa = PBXGroup;
			children = (
				1703BB9A2A5E743700914877 /* TouchdownApp.swift */,
				1703BB9C2A5E743700914877 /* ContentView.swift */,
			);
			path = App;
			sourceTree = "<group>";
		};
		1703BBB52A5E75D100914877 /* Home */ = {
			isa = PBXGroup;
			children = (
				1703BBBC2A5E76AD00914877 /* FooterView.swift */,
				17C269E12A6110A2002367A6 /* NavBarView.swift */,
				17C269E32A61138F002367A6 /* LogoView.swift */,
				17F641D42A62820100D06E39 /* PlayerCarouselView.swift */,
				172467BD2A629A660028F14A /* PlayerImageView.swift */,
				172467C12A63CCC50028F14A /* CategoryItemView.swift */,
				172467C32A63CE470028F14A /* CategoryGridView.swift */,
				172467C52A63CFA00028F14A /* SectionView.swift */,
				172467C72A63D6070028F14A /* ProductItemView.swift */,
				172467CB2A63DBB70028F14A /* ProductsGridView.swift */,
				177F81F92A63F1BC006ACFCC /* SectionHeaderView.swift */,
				1706A7012A65049C00C40B2F /* BrandItemView.swift */,
				1706A7032A65063700C40B2F /* BrandGridView.swift */,
			);
			path = Home;
			sourceTree = "<group>";
		};
		1703BBB62A5E75D700914877 /* Detail */ = {
			isa = PBXGroup;
			children = (
				177F81FB2A63F23F006ACFCC /* ProductDetailView.swift */,
			);
			path = Detail;
			sourceTree = "<group>";
		};
		1703BBB72A5E75DE00914877 /* Models */ = {
			isa = PBXGroup;
			children = (
				17F641D62A62835C00D06E39 /* Player.swift */,
				172467BF2A63CB270028F14A /* Catrogory.swift */,
				172467C92A63D6CF0028F14A /* Product.swift */,
				1706A6FF2A6503CF00C40B2F /* Brand.swift */,
			);
			path = Models;
			sourceTree = "<group>";
		};
		1703BBB82A5E75E400914877 /* Extensions */ = {
			isa = PBXGroup;
			children = (
				17C269ED2A627D26002367A6 /* CodableBundleExtension.swift */,
			);
			path = Extensions;
			sourceTree = "<group>";
		};
		1703BBB92A5E75EF00914877 /* Utils */ = {
			isa = PBXGroup;
			children = (
				1703BBBA2A5E760A00914877 /* Constants.swift */,
			);
			path = Utils;
			sourceTree = "<group>";
		};
		172467BC2A6294A60028F14A /* Data */ = {
			isa = PBXGroup;
			children = (
				172467B52A6294960028F14A /* brand.json */,
				172467B72A6294960028F14A /* category.json */,
				172467B42A6294960028F14A /* player.json */,
				172467B62A6294960028F14A /* product.json */,
			);
			name = Data;
			path = ../Data;
			sourceTree = "<group>";
		};
/* End PBXGroup section */

/* Begin PBXNativeTarget section */
		1703BB962A5E743700914877 /* Touchdown */ = {
			isa = PBXNativeTarget;
			buildConfigurationList = 1703BBA52A5E743900914877 /* Build configuration list for PBXNativeTarget "Touchdown" */;
			buildPhases = (
				1703BB932A5E743700914877 /* Sources */,
				1703BB942A5E743700914877 /* Frameworks */,
				1703BB952A5E743700914877 /* Resources */,
			);
			buildRules = (
			);
			dependencies = (
			);
			name = Touchdown;
			productName = Touchdown;
			productReference = 1703BB972A5E743700914877 /* Touchdown.app */;
			productType = "com.apple.product-type.application";
		};
/* End PBXNativeTarget section */

/* Begin PBXProject section */
		1703BB8F2A5E743700914877 /* Project object */ = {
			isa = PBXProject;
			attributes = {
				BuildIndependentTargetsInParallel = 1;
				LastSwiftUpdateCheck = 1430;
				LastUpgradeCheck = 1430;
				TargetAttributes = {
					1703BB962A5E743700914877 = {
						CreatedOnToolsVersion = 14.3.1;
					};
				};
			};
			buildConfigurationList = 1703BB922A5E743700914877 /* Build configuration list for PBXProject "Touchdown" */;
			compatibilityVersion = "Xcode 14.0";
			developmentRegion = en;
			hasScannedForEncodings = 0;
			knownRegions = (
				en,
				Base,
			);
			mainGroup = 1703BB8E2A5E743700914877;
			productRefGroup = 1703BB982A5E743700914877 /* Products */;
			projectDirPath = "";
			projectRoot = "";
			targets = (
				1703BB962A5E743700914877 /* Touchdown */,
			);
		};
/* End PBXProject section */

/* Begin PBXResourcesBuildPhase section */
		1703BB952A5E743700914877 /* Resources */ = {
			isa = PBXResourcesBuildPhase;
			buildActionMask = 2147483647;
			files = (
				172467B82A6294960028F14A /* player.json in Resources */,
				172467B92A6294960028F14A /* brand.json in Resources */,
				1703BBA22A5E743900914877 /* Preview Assets.xcassets in Resources */,
				172467BB2A6294960028F14A /* category.json in Resources */,
				1703BB9F2A5E743900914877 /* Assets.xcassets in Resources */,
				172467BA2A6294960028F14A /* product.json in Resources */,
			);
			runOnlyForDeploymentPostprocessing = 0;
		};
/* End PBXResourcesBuildPhase section */

/* Begin PBXSourcesBuildPhase section */
		1703BB932A5E743700914877 /* Sources */ = {
			isa = PBXSourcesBuildPhase;
			buildActionMask = 2147483647;
			files = (
				172467C82A63D6070028F14A /* ProductItemView.swift in Sources */,
				17F641D72A62835C00D06E39 /* Player.swift in Sources */,
				1703BB9D2A5E743700914877 /* ContentView.swift in Sources */,
				172467CC2A63DBB70028F14A /* ProductsGridView.swift in Sources */,
				172467C02A63CB270028F14A /* Catrogory.swift in Sources */,
				177F81FC2A63F23F006ACFCC /* ProductDetailView.swift in Sources */,
				1706A7022A65049C00C40B2F /* BrandItemView.swift in Sources */,
				17F641D52A62820100D06E39 /* PlayerCarouselView.swift in Sources */,
				172467C42A63CE470028F14A /* CategoryGridView.swift in Sources */,
				17C269E42A61138F002367A6 /* LogoView.swift in Sources */,
				17C269E22A6110A2002367A6 /* NavBarView.swift in Sources */,
				172467BE2A629A660028F14A /* PlayerImageView.swift in Sources */,
				1706A7042A65063700C40B2F /* BrandGridView.swift in Sources */,
				172467CA2A63D6CF0028F14A /* Product.swift in Sources */,
				1703BBBD2A5E76AD00914877 /* FooterView.swift in Sources */,
				1706A7002A6503CF00C40B2F /* Brand.swift in Sources */,
				1703BB9B2A5E743700914877 /* TouchdownApp.swift in Sources */,
				172467C62A63CFA00028F14A /* SectionView.swift in Sources */,
				172467C22A63CCC50028F14A /* CategoryItemView.swift in Sources */,
				17C269EE2A627D26002367A6 /* CodableBundleExtension.swift in Sources */,
				1703BBBB2A5E760A00914877 /* Constants.swift in Sources */,
				177F81FA2A63F1BC006ACFCC /* SectionHeaderView.swift in Sources */,
			);
			runOnlyForDeploymentPostprocessing = 0;
		};
/* End PBXSourcesBuildPhase section */

/* Begin XCBuildConfiguration section */
		1703BBA32A5E743900914877 /* Debug */ = {
			isa = XCBuildConfiguration;
			buildSettings = {
				ALWAYS_SEARCH_USER_PATHS = NO;
				CLANG_ANALYZER_NONNULL = YES;
				CLANG_ANALYZER_NUMBER_OBJECT_CONVERSION = YES_AGGRESSIVE;
				CLANG_CXX_LANGUAGE_STANDARD = "gnu++20";
				CLANG_ENABLE_MODULES = YES;
				CLANG_ENABLE_OBJC_ARC = YES;
				CLANG_ENABLE_OBJC_WEAK = YES;
				CLANG_WARN_BLOCK_CAPTURE_AUTORELEASING = YES;
				CLANG_WARN_BOOL_CONVERSION = YES;
				CLANG_WARN_COMMA = YES;
				CLANG_WARN_CONSTANT_CONVERSION = YES;
				CLANG_WARN_DEPRECATED_OBJC_IMPLEMENTATIONS = YES;
				CLANG_WARN_DIRECT_OBJC_ISA_USAGE = YES_ERROR;
				CLANG_WARN_DOCUMENTATION_COMMENTS = YES;
				CLANG_WARN_EMPTY_BODY = YES;
				CLANG_WARN_ENUM_CONVERSION = YES;
				CLANG_WARN_INFINITE_RECURSION = YES;
				CLANG_WARN_INT_CONVERSION = YES;
				CLANG_WARN_NON_LITERAL_NULL_CONVERSION = YES;
				CLANG_WARN_OBJC_IMPLICIT_RETAIN_SELF = YES;
				CLANG_WARN_OBJC_LITERAL_CONVERSION = YES;
				CLANG_WARN_OBJC_ROOT_CLASS = YES_ERROR;
				CLANG_WARN_QUOTED_INCLUDE_IN_FRAMEWORK_HEADER = YES;
				CLANG_WARN_RANGE_LOOP_ANALYSIS = YES;
				CLANG_WARN_STRICT_PROTOTYPES = YES;
				CLANG_WARN_SUSPICIOUS_MOVE = YES;
				CLANG_WARN_UNGUARDED_AVAILABILITY = YES_AGGRESSIVE;
				CLANG_WARN_UNREACHABLE_CODE = YES;
				CLANG_WARN__DUPLICATE_METHOD_MATCH = YES;
				COPY_PHASE_STRIP = NO;
				DEBUG_INFORMATION_FORMAT = dwarf;
				ENABLE_STRICT_OBJC_MSGSEND = YES;
				ENABLE_TESTABILITY = YES;
				GCC_C_LANGUAGE_STANDARD = gnu11;
				GCC_DYNAMIC_NO_PIC = NO;
				GCC_NO_COMMON_BLOCKS = YES;
				GCC_OPTIMIZATION_LEVEL = 0;
				GCC_PREPROCESSOR_DEFINITIONS = (
					"DEBUG=1",
					"$(inherited)",
				);
				GCC_WARN_64_TO_32_BIT_CONVERSION = YES;
				GCC_WARN_ABOUT_RETURN_TYPE = YES_ERROR;
				GCC_WARN_UNDECLARED_SELECTOR = YES;
				GCC_WARN_UNINITIALIZED_AUTOS = YES_AGGRESSIVE;
				GCC_WARN_UNUSED_FUNCTION = YES;
				GCC_WARN_UNUSED_VARIABLE = YES;
				IPHONEOS_DEPLOYMENT_TARGET = 16.4;
				MTL_ENABLE_DEBUG_INFO = INCLUDE_SOURCE;
				MTL_FAST_MATH = YES;
				ONLY_ACTIVE_ARCH = YES;
				SDKROOT = iphoneos;
				SWIFT_ACTIVE_COMPILATION_CONDITIONS = DEBUG;
				SWIFT_OPTIMIZATION_LEVEL = "-Onone";
			};
			name = Debug;
		};
		1703BBA42A5E743900914877 /* Release */ = {
			isa = XCBuildConfiguration;
			buildSettings = {
				ALWAYS_SEARCH_USER_PATHS = NO;
				CLANG_ANALYZER_NONNULL = YES;
				CLANG_ANALYZER_NUMBER_OBJECT_CONVERSION = YES_AGGRESSIVE;
				CLANG_CXX_LANGUAGE_STANDARD = "gnu++20";
				CLANG_ENABLE_MODULES = YES;
				CLANG_ENABLE_OBJC_ARC = YES;
				CLANG_ENABLE_OBJC_WEAK = YES;
				CLANG_WARN_BLOCK_CAPTURE_AUTORELEASING = YES;
				CLANG_WARN_BOOL_CONVERSION = YES;
				CLANG_WARN_COMMA = YES;
				CLANG_WARN_CONSTANT_CONVERSION = YES;
				CLANG_WARN_DEPRECATED_OBJC_IMPLEMENTATIONS = YES;
				CLANG_WARN_DIRECT_OBJC_ISA_USAGE = YES_ERROR;
				CLANG_WARN_DOCUMENTATION_COMMENTS = YES;
				CLANG_WARN_EMPTY_BODY = YES;
				CLANG_WARN_ENUM_CONVERSION = YES;
				CLANG_WARN_INFINITE_RECURSION = YES;
				CLANG_WARN_INT_CONVERSION = YES;
				CLANG_WARN_NON_LITERAL_NULL_CONVERSION = YES;
				CLANG_WARN_OBJC_IMPLICIT_RETAIN_SELF = YES;
				CLANG_WARN_OBJC_LITERAL_CONVERSION = YES;
				CLANG_WARN_OBJC_ROOT_CLASS = YES_ERROR;
				CLANG_WARN_QUOTED_INCLUDE_IN_FRAMEWORK_HEADER = YES;
				CLANG_WARN_RANGE_LOOP_ANALYSIS = YES;
				CLANG_WARN_STRICT_PROTOTYPES = YES;
				CLANG_WARN_SUSPICIOUS_MOVE = YES;
				CLANG_WARN_UNGUARDED_AVAILABILITY = YES_AGGRESSIVE;
				CLANG_WARN_UNREACHABLE_CODE = YES;
				CLANG_WARN__DUPLICATE_METHOD_MATCH = YES;
				COPY_PHASE_STRIP = NO;
				DEBUG_INFORMATION_FORMAT = "dwarf-with-dsym";
				ENABLE_NS_ASSERTIONS = NO;
				ENABLE_STRICT_OBJC_MSGSEND = YES;
				GCC_C_LANGUAGE_STANDARD = gnu11;
				GCC_NO_COMMON_BLOCKS = YES;
				GCC_WARN_64_TO_32_BIT_CONVERSION = YES;
				GCC_WARN_ABOUT_RETURN_TYPE = YES_ERROR;
				GCC_WARN_UNDECLARED_SELECTOR = YES;
				GCC_WARN_UNINITIALIZED_AUTOS = YES_AGGRESSIVE;
				GCC_WARN_UNUSED_FUNCTION = YES;
				GCC_WARN_UNUSED_VARIABLE = YES;
				IPHONEOS_DEPLOYMENT_TARGET = 16.4;
				MTL_ENABLE_DEBUG_INFO = NO;
				MTL_FAST_MATH = YES;
				SDKROOT = iphoneos;
				SWIFT_COMPILATION_MODE = wholemodule;
				SWIFT_OPTIMIZATION_LEVEL = "-O";
				VALIDATE_PRODUCT = YES;
			};
			name = Release;
		};
		1703BBA62A5E743900914877 /* Debug */ = {
			isa = XCBuildConfiguration;
			buildSettings = {
				ASSETCATALOG_COMPILER_APPICON_NAME = AppIcon;
				ASSETCATALOG_COMPILER_GLOBAL_ACCENT_COLOR_NAME = AccentColor;
				CODE_SIGN_STYLE = Automatic;
				CURRENT_PROJECT_VERSION = 1;
				DEVELOPMENT_ASSET_PATHS = "\"Touchdown/Preview Content\"";
				DEVELOPMENT_TEAM = NYR2AEHQ8Y;
				ENABLE_PREVIEWS = YES;
				GENERATE_INFOPLIST_FILE = YES;
				INFOPLIST_FILE = Touchdown/Info.plist;
				INFOPLIST_KEY_UIApplicationSceneManifest_Generation = YES;
				INFOPLIST_KEY_UIApplicationSupportsIndirectInputEvents = YES;
				INFOPLIST_KEY_UISupportedInterfaceOrientations = UIInterfaceOrientationPortrait;
				INFOPLIST_KEY_UIUserInterfaceStyle = Light;
				IPHONEOS_DEPLOYMENT_TARGET = 16.0;
				LD_RUNPATH_SEARCH_PATHS = (
					"$(inherited)",
					"@executable_path/Frameworks",
				);
				MARKETING_VERSION = 1.0;
				PRODUCT_BUNDLE_IDENTIFIER = de.ramuramasamy.Touchdown;
				PRODUCT_NAME = "$(TARGET_NAME)";
				SWIFT_EMIT_LOC_STRINGS = YES;
				SWIFT_VERSION = 5.0;
				TARGETED_DEVICE_FAMILY = "1,2";
			};
			name = Debug;
		};
		1703BBA72A5E743900914877 /* Release */ = {
			isa = XCBuildConfiguration;
			buildSettings = {
				ASSETCATALOG_COMPILER_APPICON_NAME = AppIcon;
				ASSETCATALOG_COMPILER_GLOBAL_ACCENT_COLOR_NAME = AccentColor;
				CODE_SIGN_STYLE = Automatic;
				CURRENT_PROJECT_VERSION = 1;
				DEVELOPMENT_ASSET_PATHS = "\"Touchdown/Preview Content\"";
				DEVELOPMENT_TEAM = NYR2AEHQ8Y;
				ENABLE_PREVIEWS = YES;
				GENERATE_INFOPLIST_FILE = YES;
				INFOPLIST_FILE = Touchdown/Info.plist;
				INFOPLIST_KEY_UIApplicationSceneManifest_Generation = YES;
				INFOPLIST_KEY_UIApplicationSupportsIndirectInputEvents = YES;
				INFOPLIST_KEY_UISupportedInterfaceOrientations = UIInterfaceOrientationPortrait;
				INFOPLIST_KEY_UIUserInterfaceStyle = Light;
				IPHONEOS_DEPLOYMENT_TARGET = 16.0;
				LD_RUNPATH_SEARCH_PATHS = (
					"$(inherited)",
					"@executable_path/Frameworks",
				);
				MARKETING_VERSION = 1.0;
				PRODUCT_BUNDLE_IDENTIFIER = de.ramuramasamy.Touchdown;
				PRODUCT_NAME = "$(TARGET_NAME)";
				SWIFT_EMIT_LOC_STRINGS = YES;
				SWIFT_VERSION = 5.0;
				TARGETED_DEVICE_FAMILY = "1,2";
			};
			name = Release;
		};
/* End XCBuildConfiguration section */

/* Begin XCConfigurationList section */
		1703BB922A5E743700914877 /* Build configuration list for PBXProject "Touchdown" */ = {
			isa = XCConfigurationList;
			buildConfigurations = (
				1703BBA32A5E743900914877 /* Debug */,
				1703BBA42A5E743900914877 /* Release */,
			);
			defaultConfigurationIsVisible = 0;
			defaultConfigurationName = Release;
		};
		1703BBA52A5E743900914877 /* Build configuration list for PBXNativeTarget "Touchdown" */ = {
			isa = XCConfigurationList;
			buildConfigurations = (
				1703BBA62A5E743900914877 /* Debug */,
				1703BBA72A5E743900914877 /* Release */,
			);
			defaultConfigurationIsVisible = 0;
			defaultConfigurationName = Release;
		};
/* End XCConfigurationList section */
	};
	rootObject = 1703BB8F2A5E743700914877 /* Project object */;
}
