// !$*UTF8*$!
{
	archiveVersion = 1;
	classes = {
	};
	objectVersion = 56;
	objects = {

/* Begin PBXBuildFile section */
		177E75A52A68706D000DCF89 /* Constants.swift in Sources */ = {isa = PBXBuildFile; fileRef = 177E75A42A68706D000DCF89 /* Constants.swift */; };
		177E75A72A6AFC9B000DCF89 /* HideKeyboardExtension.swift in Sources */ = {isa = PBXBuildFile; fileRef = 177E75A62A6AFC9B000DCF89 /* HideKeyboardExtension.swift */; };
		177E75A92A6B128E000DCF89 /* BackgroundImageView.swift in Sources */ = {isa = PBXBuildFile; fileRef = 177E75A82A6B128E000DCF89 /* BackgroundImageView.swift */; };
		177E75AB2A6B13C1000DCF89 /* NewTaskItemView.swift in Sources */ = {isa = PBXBuildFile; fileRef = 177E75AA2A6B13C1000DCF89 /* NewTaskItemView.swift */; };
		177E75AD2A6B1A7B000DCF89 /* BlankView.swift in Sources */ = {isa = PBXBuildFile; fileRef = 177E75AC2A6B1A7B000DCF89 /* BlankView.swift */; };
		177E75AF2A6CF3A4000DCF89 /* HeaderView.swift in Sources */ = {isa = PBXBuildFile; fileRef = 177E75AE2A6CF3A4000DCF89 /* HeaderView.swift */; };
		177E75B12A6CFB9E000DCF89 /* TaskListItemView.swift in Sources */ = {isa = PBXBuildFile; fileRef = 177E75B02A6CFB9E000DCF89 /* TaskListItemView.swift */; };
		177E75B42A6D0558000DCF89 /* CheckboxStyle.swift in Sources */ = {isa = PBXBuildFile; fileRef = 177E75B32A6D0558000DCF89 /* CheckboxStyle.swift */; };
		17B448002A685B5400032A4A /* DevoteApp.swift in Sources */ = {isa = PBXBuildFile; fileRef = 17B447FF2A685B5400032A4A /* DevoteApp.swift */; };
		17B448022A685B5400032A4A /* ContentView.swift in Sources */ = {isa = PBXBuildFile; fileRef = 17B448012A685B5400032A4A /* ContentView.swift */; };
		17B448042A685B5600032A4A /* Assets.xcassets in Resources */ = {isa = PBXBuildFile; fileRef = 17B448032A685B5600032A4A /* Assets.xcassets */; };
		17B448072A685B5600032A4A /* Preview Assets.xcassets in Resources */ = {isa = PBXBuildFile; fileRef = 17B448062A685B5600032A4A /* Preview Assets.xcassets */; };
		17B448092A685B5600032A4A /* Persistence.swift in Sources */ = {isa = PBXBuildFile; fileRef = 17B448082A685B5600032A4A /* Persistence.swift */; };
		17B4480C2A685B5600032A4A /* Devote.xcdatamodeld in Sources */ = {isa = PBXBuildFile; fileRef = 17B4480A2A685B5600032A4A /* Devote.xcdatamodeld */; };
		17B448202A685CEB00032A4A /* sound-tap.mp3 in Resources */ = {isa = PBXBuildFile; fileRef = 17B4481D2A685CEA00032A4A /* sound-tap.mp3 */; };
		17B448212A685CEB00032A4A /* sound-ding.mp3 in Resources */ = {isa = PBXBuildFile; fileRef = 17B4481E2A685CEB00032A4A /* sound-ding.mp3 */; };
		17B448222A685CEB00032A4A /* sound-rise.mp3 in Resources */ = {isa = PBXBuildFile; fileRef = 17B4481F2A685CEB00032A4A /* sound-rise.mp3 */; };
/* End PBXBuildFile section */

/* Begin PBXFileReference section */
		177E75A42A68706D000DCF89 /* Constants.swift */ = {isa = PBXFileReference; lastKnownFileType = sourcecode.swift; path = Constants.swift; sourceTree = "<group>"; };
		177E75A62A6AFC9B000DCF89 /* HideKeyboardExtension.swift */ = {isa = PBXFileReference; lastKnownFileType = sourcecode.swift; path = HideKeyboardExtension.swift; sourceTree = "<group>"; };
		177E75A82A6B128E000DCF89 /* BackgroundImageView.swift */ = {isa = PBXFileReference; lastKnownFileType = sourcecode.swift; path = BackgroundImageView.swift; sourceTree = "<group>"; };
		177E75AA2A6B13C1000DCF89 /* NewTaskItemView.swift */ = {isa = PBXFileReference; lastKnownFileType = sourcecode.swift; path = NewTaskItemView.swift; sourceTree = "<group>"; };
		177E75AC2A6B1A7B000DCF89 /* BlankView.swift */ = {isa = PBXFileReference; lastKnownFileType = sourcecode.swift; path = BlankView.swift; sourceTree = "<group>"; };
		177E75AE2A6CF3A4000DCF89 /* HeaderView.swift */ = {isa = PBXFileReference; lastKnownFileType = sourcecode.swift; path = HeaderView.swift; sourceTree = "<group>"; };
		177E75B02A6CFB9E000DCF89 /* TaskListItemView.swift */ = {isa = PBXFileReference; lastKnownFileType = sourcecode.swift; path = TaskListItemView.swift; sourceTree = "<group>"; };
		177E75B32A6D0558000DCF89 /* CheckboxStyle.swift */ = {isa = PBXFileReference; lastKnownFileType = sourcecode.swift; path = CheckboxStyle.swift; sourceTree = "<group>"; };
		17B447FC2A685B5400032A4A /* Devote.app */ = {isa = PBXFileReference; explicitFileType = wrapper.application; includeInIndex = 0; path = Devote.app; sourceTree = BUILT_PRODUCTS_DIR; };
		17B447FF2A685B5400032A4A /* DevoteApp.swift */ = {isa = PBXFileReference; lastKnownFileType = sourcecode.swift; path = DevoteApp.swift; sourceTree = "<group>"; };
		17B448012A685B5400032A4A /* ContentView.swift */ = {isa = PBXFileReference; lastKnownFileType = sourcecode.swift; path = ContentView.swift; sourceTree = "<group>"; };
		17B448032A685B5600032A4A /* Assets.xcassets */ = {isa = PBXFileReference; lastKnownFileType = folder.assetcatalog; path = Assets.xcassets; sourceTree = "<group>"; };
		17B448062A685B5600032A4A /* Preview Assets.xcassets */ = {isa = PBXFileReference; lastKnownFileType = folder.assetcatalog; path = "Preview Assets.xcassets"; sourceTree = "<group>"; };
		17B448082A685B5600032A4A /* Persistence.swift */ = {isa = PBXFileReference; lastKnownFileType = sourcecode.swift; path = Persistence.swift; sourceTree = "<group>"; };
		17B4480B2A685B5600032A4A /* Devote.xcdatamodel */ = {isa = PBXFileReference; lastKnownFileType = wrapper.xcdatamodel; path = Devote.xcdatamodel; sourceTree = "<group>"; };
		17B4481D2A685CEA00032A4A /* sound-tap.mp3 */ = {isa = PBXFileReference; lastKnownFileType = audio.mp3; path = "sound-tap.mp3"; sourceTree = "<group>"; };
		17B4481E2A685CEB00032A4A /* sound-ding.mp3 */ = {isa = PBXFileReference; lastKnownFileType = audio.mp3; path = "sound-ding.mp3"; sourceTree = "<group>"; };
		17B4481F2A685CEB00032A4A /* sound-rise.mp3 */ = {isa = PBXFileReference; lastKnownFileType = audio.mp3; path = "sound-rise.mp3"; sourceTree = "<group>"; };
		17B448292A685D9800032A4A /* Info.plist */ = {isa = PBXFileReference; lastKnownFileType = text.plist; path = Info.plist; sourceTree = "<group>"; };
/* End PBXFileReference section */

/* Begin PBXFrameworksBuildPhase section */
		17B447F92A685B5400032A4A /* Frameworks */ = {
			isa = PBXFrameworksBuildPhase;
			buildActionMask = 2147483647;
			files = (
			);
			runOnlyForDeploymentPostprocessing = 0;
		};
/* End PBXFrameworksBuildPhase section */

/* Begin PBXGroup section */
		177E75B22A6D016F000DCF89 /* Store */ = {
			isa = PBXGroup;
			children = (
			);
			path = Store;
			sourceTree = "<group>";
		};
		17B447F32A685B5400032A4A = {
			isa = PBXGroup;
			children = (
				17B447FE2A685B5400032A4A /* Devote */,
				17B447FD2A685B5400032A4A /* Products */,
			);
			sourceTree = "<group>";
		};
		17B447FD2A685B5400032A4A /* Products */ = {
			isa = PBXGroup;
			children = (
				17B447FC2A685B5400032A4A /* Devote.app */,
			);
			name = Products;
			sourceTree = "<group>";
		};
		17B447FE2A685B5400032A4A /* Devote */ = {
			isa = PBXGroup;
			children = (
				177E75B22A6D016F000DCF89 /* Store */,
				17B448292A685D9800032A4A /* Info.plist */,
				17B448282A685D4500032A4A /* Models */,
				17B448272A685D3500032A4A /* Veiws */,
				17B448262A685D2C00032A4A /* Extensions */,
				17B448252A685D2700032A4A /* Utils */,
				17B448242A685D2000032A4A /* Style */,
				17B448232A685CF300032A4A /* Sounds */,
				17B447FF2A685B5400032A4A /* DevoteApp.swift */,
				17B448032A685B5600032A4A /* Assets.xcassets */,
				17B448052A685B5600032A4A /* Preview Content */,
			);
			path = Devote;
			sourceTree = "<group>";
		};
		17B448052A685B5600032A4A /* Preview Content */ = {
			isa = PBXGroup;
			children = (
				17B448062A685B5600032A4A /* Preview Assets.xcassets */,
			);
			path = "Preview Content";
			sourceTree = "<group>";
		};
		17B448232A685CF300032A4A /* Sounds */ = {
			isa = PBXGroup;
			children = (
				17B4481E2A685CEB00032A4A /* sound-ding.mp3 */,
				17B4481F2A685CEB00032A4A /* sound-rise.mp3 */,
				17B4481D2A685CEA00032A4A /* sound-tap.mp3 */,
			);
			path = Sounds;
			sourceTree = "<group>";
		};
		17B448242A685D2000032A4A /* Style */ = {
			isa = PBXGroup;
			children = (
				177E75B32A6D0558000DCF89 /* CheckboxStyle.swift */,
			);
			path = Style;
			sourceTree = "<group>";
		};
		17B448252A685D2700032A4A /* Utils */ = {
			isa = PBXGroup;
			children = (
				177E75A42A68706D000DCF89 /* Constants.swift */,
			);
			path = Utils;
			sourceTree = "<group>";
		};
		17B448262A685D2C00032A4A /* Extensions */ = {
			isa = PBXGroup;
			children = (
				177E75A62A6AFC9B000DCF89 /* HideKeyboardExtension.swift */,
			);
			path = Extensions;
			sourceTree = "<group>";
		};
		17B448272A685D3500032A4A /* Veiws */ = {
			isa = PBXGroup;
			children = (
				17B448012A685B5400032A4A /* ContentView.swift */,
				177E75A82A6B128E000DCF89 /* BackgroundImageView.swift */,
				177E75AA2A6B13C1000DCF89 /* NewTaskItemView.swift */,
				177E75AC2A6B1A7B000DCF89 /* BlankView.swift */,
				177E75AE2A6CF3A4000DCF89 /* HeaderView.swift */,
				177E75B02A6CFB9E000DCF89 /* TaskListItemView.swift */,
			);
			path = Veiws;
			sourceTree = "<group>";
		};
		17B448282A685D4500032A4A /* Models */ = {
			isa = PBXGroup;
			children = (
				17B448082A685B5600032A4A /* Persistence.swift */,
				17B4480A2A685B5600032A4A /* Devote.xcdatamodeld */,
			);
			path = Models;
			sourceTree = "<group>";
		};
/* End PBXGroup section */

/* Begin PBXNativeTarget section */
		17B447FB2A685B5400032A4A /* Devote */ = {
			isa = PBXNativeTarget;
			buildConfigurationList = 17B4480F2A685B5600032A4A /* Build configuration list for PBXNativeTarget "Devote" */;
			buildPhases = (
				17B447F82A685B5400032A4A /* Sources */,
				17B447F92A685B5400032A4A /* Frameworks */,
				17B447FA2A685B5400032A4A /* Resources */,
			);
			buildRules = (
			);
			dependencies = (
			);
			name = Devote;
			productName = Devote;
			productReference = 17B447FC2A685B5400032A4A /* Devote.app */;
			productType = "com.apple.product-type.application";
		};
/* End PBXNativeTarget section */

/* Begin PBXProject section */
		17B447F42A685B5400032A4A /* Project object */ = {
			isa = PBXProject;
			attributes = {
				BuildIndependentTargetsInParallel = 1;
				LastSwiftUpdateCheck = 1430;
				LastUpgradeCheck = 1430;
				TargetAttributes = {
					17B447FB2A685B5400032A4A = {
						CreatedOnToolsVersion = 14.3.1;
					};
				};
			};
			buildConfigurationList = 17B447F72A685B5400032A4A /* Build configuration list for PBXProject "Devote" */;
			compatibilityVersion = "Xcode 14.0";
			developmentRegion = en;
			hasScannedForEncodings = 0;
			knownRegions = (
				en,
				Base,
			);
			mainGroup = 17B447F32A685B5400032A4A;
			productRefGroup = 17B447FD2A685B5400032A4A /* Products */;
			projectDirPath = "";
			projectRoot = "";
			targets = (
				17B447FB2A685B5400032A4A /* Devote */,
			);
		};
/* End PBXProject section */

/* Begin PBXResourcesBuildPhase section */
		17B447FA2A685B5400032A4A /* Resources */ = {
			isa = PBXResourcesBuildPhase;
			buildActionMask = 2147483647;
			files = (
				17B448222A685CEB00032A4A /* sound-rise.mp3 in Resources */,
				17B448212A685CEB00032A4A /* sound-ding.mp3 in Resources */,
				17B448202A685CEB00032A4A /* sound-tap.mp3 in Resources */,
				17B448072A685B5600032A4A /* Preview Assets.xcassets in Resources */,
				17B448042A685B5600032A4A /* Assets.xcassets in Resources */,
			);
			runOnlyForDeploymentPostprocessing = 0;
		};
/* End PBXResourcesBuildPhase section */

/* Begin PBXSourcesBuildPhase section */
		17B447F82A685B5400032A4A /* Sources */ = {
			isa = PBXSourcesBuildPhase;
			buildActionMask = 2147483647;
			files = (
				177E75A52A68706D000DCF89 /* Constants.swift in Sources */,
				177E75A92A6B128E000DCF89 /* BackgroundImageView.swift in Sources */,
				17B448092A685B5600032A4A /* Persistence.swift in Sources */,
				177E75A72A6AFC9B000DCF89 /* HideKeyboardExtension.swift in Sources */,
				177E75AD2A6B1A7B000DCF89 /* BlankView.swift in Sources */,
				177E75B12A6CFB9E000DCF89 /* TaskListItemView.swift in Sources */,
				177E75AF2A6CF3A4000DCF89 /* HeaderView.swift in Sources */,
				17B448022A685B5400032A4A /* ContentView.swift in Sources */,
				17B4480C2A685B5600032A4A /* Devote.xcdatamodeld in Sources */,
				17B448002A685B5400032A4A /* DevoteApp.swift in Sources */,
				177E75B42A6D0558000DCF89 /* CheckboxStyle.swift in Sources */,
				177E75AB2A6B13C1000DCF89 /* NewTaskItemView.swift in Sources */,
			);
			runOnlyForDeploymentPostprocessing = 0;
		};
/* End PBXSourcesBuildPhase section */

/* Begin XCBuildConfiguration section */
		17B4480D2A685B5600032A4A /* Debug */ = {
			isa = XCBuildConfiguration;
			buildSettings = {
				ALWAYS_SEARCH_USER_PATHS = NO;
				CLANG_ANALYZER_NONNULL = YES;
				CLANG_ANALYZER_NUMBER_OBJECT_CONVERSION = YES_AGGRESSIVE;
				CLANG_CXX_LANGUAGE_STANDARD = "gnu++20";
				CLANG_ENABLE_MODULES = YES;
				CLANG_ENABLE_OBJC_ARC = YES;
				CLANG_ENABLE_OBJC_WEAK = YES;
				CLANG_WARN_BLOCK_CAPTURE_AUTORELEASING = YES;
				CLANG_WARN_BOOL_CONVERSION = YES;
				CLANG_WARN_COMMA = YES;
				CLANG_WARN_CONSTANT_CONVERSION = YES;
				CLANG_WARN_DEPRECATED_OBJC_IMPLEMENTATIONS = YES;
				CLANG_WARN_DIRECT_OBJC_ISA_USAGE = YES_ERROR;
				CLANG_WARN_DOCUMENTATION_COMMENTS = YES;
				CLANG_WARN_EMPTY_BODY = YES;
				CLANG_WARN_ENUM_CONVERSION = YES;
				CLANG_WARN_INFINITE_RECURSION = YES;
				CLANG_WARN_INT_CONVERSION = YES;
				CLANG_WARN_NON_LITERAL_NULL_CONVERSION = YES;
				CLANG_WARN_OBJC_IMPLICIT_RETAIN_SELF = YES;
				CLANG_WARN_OBJC_LITERAL_CONVERSION = YES;
				CLANG_WARN_OBJC_ROOT_CLASS = YES_ERROR;
				CLANG_WARN_QUOTED_INCLUDE_IN_FRAMEWORK_HEADER = YES;
				CLANG_WARN_RANGE_LOOP_ANALYSIS = YES;
				CLANG_WARN_STRICT_PROTOTYPES = YES;
				CLANG_WARN_SUSPICIOUS_MOVE = YES;
				CLANG_WARN_UNGUARDED_AVAILABILITY = YES_AGGRESSIVE;
				CLANG_WARN_UNREACHABLE_CODE = YES;
				CLANG_WARN__DUPLICATE_METHOD_MATCH = YES;
				COPY_PHASE_STRIP = NO;
				DEBUG_INFORMATION_FORMAT = dwarf;
				ENABLE_STRICT_OBJC_MSGSEND = YES;
				ENABLE_TESTABILITY = YES;
				GCC_C_LANGUAGE_STANDARD = gnu11;
				GCC_DYNAMIC_NO_PIC = NO;
				GCC_NO_COMMON_BLOCKS = YES;
				GCC_OPTIMIZATION_LEVEL = 0;
				GCC_PREPROCESSOR_DEFINITIONS = (
					"DEBUG=1",
					"$(inherited)",
				);
				GCC_WARN_64_TO_32_BIT_CONVERSION = YES;
				GCC_WARN_ABOUT_RETURN_TYPE = YES_ERROR;
				GCC_WARN_UNDECLARED_SELECTOR = YES;
				GCC_WARN_UNINITIALIZED_AUTOS = YES_AGGRESSIVE;
				GCC_WARN_UNUSED_FUNCTION = YES;
				GCC_WARN_UNUSED_VARIABLE = YES;
				IPHONEOS_DEPLOYMENT_TARGET = 16.4;
				MTL_ENABLE_DEBUG_INFO = INCLUDE_SOURCE;
				MTL_FAST_MATH = YES;
				ONLY_ACTIVE_ARCH = YES;
				SDKROOT = iphoneos;
				SWIFT_ACTIVE_COMPILATION_CONDITIONS = DEBUG;
				SWIFT_OPTIMIZATION_LEVEL = "-Onone";
			};
			name = Debug;
		};
		17B4480E2A685B5600032A4A /* Release */ = {
			isa = XCBuildConfiguration;
			buildSettings = {
				ALWAYS_SEARCH_USER_PATHS = NO;
				CLANG_ANALYZER_NONNULL = YES;
				CLANG_ANALYZER_NUMBER_OBJECT_CONVERSION = YES_AGGRESSIVE;
				CLANG_CXX_LANGUAGE_STANDARD = "gnu++20";
				CLANG_ENABLE_MODULES = YES;
				CLANG_ENABLE_OBJC_ARC = YES;
				CLANG_ENABLE_OBJC_WEAK = YES;
				CLANG_WARN_BLOCK_CAPTURE_AUTORELEASING = YES;
				CLANG_WARN_BOOL_CONVERSION = YES;
				CLANG_WARN_COMMA = YES;
				CLANG_WARN_CONSTANT_CONVERSION = YES;
				CLANG_WARN_DEPRECATED_OBJC_IMPLEMENTATIONS = YES;
				CLANG_WARN_DIRECT_OBJC_ISA_USAGE = YES_ERROR;
				CLANG_WARN_DOCUMENTATION_COMMENTS = YES;
				CLANG_WARN_EMPTY_BODY = YES;
				CLANG_WARN_ENUM_CONVERSION = YES;
				CLANG_WARN_INFINITE_RECURSION = YES;
				CLANG_WARN_INT_CONVERSION = YES;
				CLANG_WARN_NON_LITERAL_NULL_CONVERSION = YES;
				CLANG_WARN_OBJC_IMPLICIT_RETAIN_SELF = YES;
				CLANG_WARN_OBJC_LITERAL_CONVERSION = YES;
				CLANG_WARN_OBJC_ROOT_CLASS = YES_ERROR;
				CLANG_WARN_QUOTED_INCLUDE_IN_FRAMEWORK_HEADER = YES;
				CLANG_WARN_RANGE_LOOP_ANALYSIS = YES;
				CLANG_WARN_STRICT_PROTOTYPES = YES;
				CLANG_WARN_SUSPICIOUS_MOVE = YES;
				CLANG_WARN_UNGUARDED_AVAILABILITY = YES_AGGRESSIVE;
				CLANG_WARN_UNREACHABLE_CODE = YES;
				CLANG_WARN__DUPLICATE_METHOD_MATCH = YES;
				COPY_PHASE_STRIP = NO;
				DEBUG_INFORMATION_FORMAT = "dwarf-with-dsym";
				ENABLE_NS_ASSERTIONS = NO;
				ENABLE_STRICT_OBJC_MSGSEND = YES;
				GCC_C_LANGUAGE_STANDARD = gnu11;
				GCC_NO_COMMON_BLOCKS = YES;
				GCC_WARN_64_TO_32_BIT_CONVERSION = YES;
				GCC_WARN_ABOUT_RETURN_TYPE = YES_ERROR;
				GCC_WARN_UNDECLARED_SELECTOR = YES;
				GCC_WARN_UNINITIALIZED_AUTOS = YES_AGGRESSIVE;
				GCC_WARN_UNUSED_FUNCTION = YES;
				GCC_WARN_UNUSED_VARIABLE = YES;
				IPHONEOS_DEPLOYMENT_TARGET = 16.4;
				MTL_ENABLE_DEBUG_INFO = NO;
				MTL_FAST_MATH = YES;
				SDKROOT = iphoneos;
				SWIFT_COMPILATION_MODE = wholemodule;
				SWIFT_OPTIMIZATION_LEVEL = "-O";
				VALIDATE_PRODUCT = YES;
			};
			name = Release;
		};
		17B448102A685B5600032A4A /* Debug */ = {
			isa = XCBuildConfiguration;
			buildSettings = {
				ASSETCATALOG_COMPILER_APPICON_NAME = AppIcon;
				ASSETCATALOG_COMPILER_GLOBAL_ACCENT_COLOR_NAME = AccentColor;
				CODE_SIGN_STYLE = Automatic;
				CURRENT_PROJECT_VERSION = 1;
				DEVELOPMENT_ASSET_PATHS = "\"Devote/Preview Content\"";
				DEVELOPMENT_TEAM = NYR2AEHQ8Y;
				ENABLE_PREVIEWS = YES;
				GENERATE_INFOPLIST_FILE = YES;
				INFOPLIST_FILE = Devote/Info.plist;
				INFOPLIST_KEY_CFBundleDisplayName = "";
				INFOPLIST_KEY_LSApplicationCategoryType = "";
				INFOPLIST_KEY_UIApplicationSceneManifest_Generation = YES;
				INFOPLIST_KEY_UIApplicationSupportsIndirectInputEvents = YES;
				INFOPLIST_KEY_UISupportedInterfaceOrientations = UIInterfaceOrientationPortrait;
				LD_RUNPATH_SEARCH_PATHS = (
					"$(inherited)",
					"@executable_path/Frameworks",
				);
				MARKETING_VERSION = 1.0;
				PRODUCT_BUNDLE_IDENTIFIER = de.ramuramasamy.Devote;
				PRODUCT_NAME = "$(TARGET_NAME)";
				SWIFT_EMIT_LOC_STRINGS = YES;
				SWIFT_VERSION = 5.0;
				TARGETED_DEVICE_FAMILY = "1,2";
			};
			name = Debug;
		};
		17B448112A685B5600032A4A /* Release */ = {
			isa = XCBuildConfiguration;
			buildSettings = {
				ASSETCATALOG_COMPILER_APPICON_NAME = AppIcon;
				ASSETCATALOG_COMPILER_GLOBAL_ACCENT_COLOR_NAME = AccentColor;
				CODE_SIGN_STYLE = Automatic;
				CURRENT_PROJECT_VERSION = 1;
				DEVELOPMENT_ASSET_PATHS = "\"Devote/Preview Content\"";
				DEVELOPMENT_TEAM = NYR2AEHQ8Y;
				ENABLE_PREVIEWS = YES;
				GENERATE_INFOPLIST_FILE = YES;
				INFOPLIST_FILE = Devote/Info.plist;
				INFOPLIST_KEY_CFBundleDisplayName = "";
				INFOPLIST_KEY_LSApplicationCategoryType = "";
				INFOPLIST_KEY_UIApplicationSceneManifest_Generation = YES;
				INFOPLIST_KEY_UIApplicationSupportsIndirectInputEvents = YES;
				INFOPLIST_KEY_UISupportedInterfaceOrientations = UIInterfaceOrientationPortrait;
				LD_RUNPATH_SEARCH_PATHS = (
					"$(inherited)",
					"@executable_path/Frameworks",
				);
				MARKETING_VERSION = 1.0;
				PRODUCT_BUNDLE_IDENTIFIER = de.ramuramasamy.Devote;
				PRODUCT_NAME = "$(TARGET_NAME)";
				SWIFT_EMIT_LOC_STRINGS = YES;
				SWIFT_VERSION = 5.0;
				TARGETED_DEVICE_FAMILY = "1,2";
			};
			name = Release;
		};
/* End XCBuildConfiguration section */

/* Begin XCConfigurationList section */
		17B447F72A685B5400032A4A /* Build configuration list for PBXProject "Devote" */ = {
			isa = XCConfigurationList;
			buildConfigurations = (
				17B4480D2A685B5600032A4A /* Debug */,
				17B4480E2A685B5600032A4A /* Release */,
			);
			defaultConfigurationIsVisible = 0;
			defaultConfigurationName = Release;
		};
		17B4480F2A685B5600032A4A /* Build configuration list for PBXNativeTarget "Devote" */ = {
			isa = XCConfigurationList;
			buildConfigurations = (
				17B448102A685B5600032A4A /* Debug */,
				17B448112A685B5600032A4A /* Release */,
			);
			defaultConfigurationIsVisible = 0;
			defaultConfigurationName = Release;
		};
/* End XCConfigurationList section */

/* Begin XCVersionGroup section */
		17B4480A2A685B5600032A4A /* Devote.xcdatamodeld */ = {
			isa = XCVersionGroup;
			children = (
				17B4480B2A685B5600032A4A /* Devote.xcdatamodel */,
			);
			currentVersion = 17B4480B2A685B5600032A4A /* Devote.xcdatamodel */;
			path = Devote.xcdatamodeld;
			sourceTree = "<group>";
			versionGroupType = wrapper.xcdatamodel;
		};
/* End XCVersionGroup section */
	};
	rootObject = 17B447F42A685B5400032A4A /* Project object */;
}
